
Microsoft Visual Studio Solution File, Format Version 12.00
# Visual Studio Version 16
VisualStudioVersion = 16.0.31321.278
MinimumVisualStudioVersion = 10.0.40219.1
Project("{FAE04EC0-301F-11D3-BF4B-00C04F79EFBC}") = "PostOfficeBackend", "PostOfficeBackend.csproj", "{746DD542-78E1-4C20-849E-A36475E98530}"
EndProject
Global
	GlobalSection(SolutionConfigurationPlatforms) = preSolution
		Debug|Any CPU = Debug|Any CPU
		Release|Any CPU = Release|Any CPU
	EndGlobalSection
	GlobalSection(ProjectConfigurationPlatforms) = postSolution
		{746DD542-78E1-4C20-849E-A36475E98530}.Debug|Any CPU.ActiveCfg = Debug|Any CPU
		{746DD542-78E1-4C20-849E-A36475E98530}.Debug|Any CPU.Build.0 = Debug|Any CPU
		{746DD542-78E1-4C20-849E-A36475E98530}.Release|Any CPU.ActiveCfg = Release|Any CPU
		{746DD542-78E1-4C20-849E-A36475E98530}.Release|Any CPU.Build.0 = Release|Any CPU
	EndGlobalSection
	GlobalSection(SolutionProperties) = preSolution
		HideSolutionNode = FALSE
	EndGlobalSection
	GlobalSection(ExtensibilityGlobals) = postSolution
		SolutionGuid = {A9F802FE-EAD9-4CEB-9EB3-5644A56EE821}
	EndGlobalSection
EndGlobal
